
Microsoft Visual Studio Solution File, Format Version 12.00
# Visual Studio Version 17
VisualStudioVersion = 17.10.35013.160
MinimumVisualStudioVersion = 10.0.40219.1
Project("{9A19103F-16F7-4668-BE54-9A1E7A4F7556}") = "Data", "Data\Data.csproj", "{057DE4E4-CCBF-4AA0-A102-B12E79B5B16D}"
EndProject
Project("{FAE04EC0-301F-11D3-BF4B-00C04F79EFBC}") = "LIBAPI", "LIBAPI\LIBAPI.csproj", "{8F33FEB8-33E7-4A53-AF1F-7D940B8B3DDF}"
EndProject
Global
	GlobalSection(SolutionConfigurationPlatforms) = preSolution
		Debug|Any CPU = Debug|Any CPU
		Release|Any CPU = Release|Any CPU
	EndGlobalSection
	GlobalSection(ProjectConfigurationPlatforms) = postSolution
		{057DE4E4-CCBF-4AA0-A102-B12E79B5B16D}.Debug|Any CPU.ActiveCfg = Debug|Any CPU
		{057DE4E4-CCBF-4AA0-A102-B12E79B5B16D}.Debug|Any CPU.Build.0 = Debug|Any CPU
		{057DE4E4-CCBF-4AA0-A102-B12E79B5B16D}.Release|Any CPU.ActiveCfg = Release|Any CPU
		{057DE4E4-CCBF-4AA0-A102-B12E79B5B16D}.Release|Any CPU.Build.0 = Release|Any CPU
		{8F33FEB8-33E7-4A53-AF1F-7D940B8B3DDF}.Debug|Any CPU.ActiveCfg = Debug|Any CPU
		{8F33FEB8-33E7-4A53-AF1F-7D940B8B3DDF}.Debug|Any CPU.Build.0 = Debug|Any CPU
		{8F33FEB8-33E7-4A53-AF1F-7D940B8B3DDF}.Release|Any CPU.ActiveCfg = Release|Any CPU
		{8F33FEB8-33E7-4A53-AF1F-7D940B8B3DDF}.Release|Any CPU.Build.0 = Release|Any CPU
	EndGlobalSection
	GlobalSection(SolutionProperties) = preSolution
		HideSolutionNode = FALSE
	EndGlobalSection
	GlobalSection(ExtensibilityGlobals) = postSolution
		SolutionGuid = {A9E6D83D-096A-41D5-89CA-7BABE2548DE0}
	EndGlobalSection
EndGlobal
